
Microsoft Visual Studio Solution File, Format Version 12.00
# Visual Studio Version 17
VisualStudioVersion = 17.0.32112.339
MinimumVisualStudioVersion = 10.0.40219.1
Project("{FAE04EC0-301F-11D3-BF4B-00C04F79EFBC}") = "Task_1.0", "Task_1.0\Task_1.0.csproj", "{AC1A21B8-AB8A-45D5-8A0A-B399430076AD}"
EndProject
Global
	GlobalSection(SolutionConfigurationPlatforms) = preSolution
		Debug|Any CPU = Debug|Any CPU
		Release|Any CPU = Release|Any CPU
	EndGlobalSection
	GlobalSection(ProjectConfigurationPlatforms) = postSolution
		{AC1A21B8-AB8A-45D5-8A0A-B399430076AD}.Debug|Any CPU.ActiveCfg = Debug|Any CPU
		{AC1A21B8-AB8A-45D5-8A0A-B399430076AD}.Debug|Any CPU.Build.0 = Debug|Any CPU
		{AC1A21B8-AB8A-45D5-8A0A-B399430076AD}.Release|Any CPU.ActiveCfg = Release|Any CPU
		{AC1A21B8-AB8A-45D5-8A0A-B399430076AD}.Release|Any CPU.Build.0 = Release|Any CPU
	EndGlobalSection
	GlobalSection(SolutionProperties) = preSolution
		HideSolutionNode = FALSE
	EndGlobalSection
	GlobalSection(ExtensibilityGlobals) = postSolution
		SolutionGuid = {489830F5-6C01-4265-A88F-698AEF21BA2F}
	EndGlobalSection
EndGlobal
